
Microsoft Visual Studio Solution File, Format Version 12.00
# Visual Studio Version 16
VisualStudioVersion = 16.0.29006.145
MinimumVisualStudioVersion = 10.0.40219.1
Project("{FAE04EC0-301F-11D3-BF4B-00C04F79EFBC}") = "RpcService.Server", "RpcService.Server\RpcService.Server.csproj", "{F2F612D5-1E68-4052-814C-ADA227D33CF6}"
EndProject
Global
	GlobalSection(SolutionConfigurationPlatforms) = preSolution
		Debug|Any CPU = Debug|Any CPU
		Release|Any CPU = Release|Any CPU
	EndGlobalSection
	GlobalSection(ProjectConfigurationPlatforms) = postSolution
		{F2F612D5-1E68-4052-814C-ADA227D33CF6}.Debug|Any CPU.ActiveCfg = Debug|Any CPU
		{F2F612D5-1E68-4052-814C-ADA227D33CF6}.Debug|Any CPU.Build.0 = Debug|Any CPU
		{F2F612D5-1E68-4052-814C-ADA227D33CF6}.Release|Any CPU.ActiveCfg = Release|Any CPU
		{F2F612D5-1E68-4052-814C-ADA227D33CF6}.Release|Any CPU.Build.0 = Release|Any CPU
	EndGlobalSection
	GlobalSection(SolutionProperties) = preSolution
		HideSolutionNode = FALSE
	EndGlobalSection
	GlobalSection(ExtensibilityGlobals) = postSolution
		SolutionGuid = {AB849C40-34A2-4425-A5C0-5C6B2574B3D6}
	EndGlobalSection
EndGlobal
